// !$*UTF8*$!
{
	archiveVersion = 1;
	classes = {
	};
	objectVersion = 51;
	objects = {

/* Begin PBXBuildFile section */
		5C1E7C8C25FD2065007403A1 /* CustomTableViewCell.swift in Sources */ = {isa = PBXBuildFile; fileRef = 5C1E7C8B25FD2065007403A1 /* CustomTableViewCell.swift */; };
		5C1E7C9025FD2773007403A1 /* PlaceModel.swift in Sources */ = {isa = PBXBuildFile; fileRef = 5C1E7C8F25FD2773007403A1 /* PlaceModel.swift */; };
		5C4793D92601117E007761A8 /* StorageManager.swift in Sources */ = {isa = PBXBuildFile; fileRef = 5C4793D82601117E007761A8 /* StorageManager.swift */; };
		5C6CEA9B261055440071FB49 /* RatingControl.swift in Sources */ = {isa = PBXBuildFile; fileRef = 5C6CEA9A261055440071FB49 /* RatingControl.swift */; };
		5C7D6B9D25FC8B7400D72D0B /* AppDelegate.swift in Sources */ = {isa = PBXBuildFile; fileRef = 5C7D6B9C25FC8B7400D72D0B /* AppDelegate.swift */; };
		5C7D6B9F25FC8B7400D72D0B /* SceneDelegate.swift in Sources */ = {isa = PBXBuildFile; fileRef = 5C7D6B9E25FC8B7400D72D0B /* SceneDelegate.swift */; };
		5C7D6BA425FC8B7400D72D0B /* Main.storyboard in Resources */ = {isa = PBXBuildFile; fileRef = 5C7D6BA225FC8B7400D72D0B /* Main.storyboard */; };
		5C7D6BA625FC8B7500D72D0B /* Assets.xcassets in Resources */ = {isa = PBXBuildFile; fileRef = 5C7D6BA525FC8B7500D72D0B /* Assets.xcassets */; };
		5C7D6BA925FC8B7500D72D0B /* LaunchScreen.storyboard in Resources */ = {isa = PBXBuildFile; fileRef = 5C7D6BA725FC8B7500D72D0B /* LaunchScreen.storyboard */; };
		5C7D6BB325FC900300D72D0B /* MainViewController.swift in Sources */ = {isa = PBXBuildFile; fileRef = 5C7D6BB225FC900300D72D0B /* MainViewController.swift */; };
		5CA3C67F26214FBA00288F9B /* MapViewController.swift in Sources */ = {isa = PBXBuildFile; fileRef = 5CA3C67E26214FBA00288F9B /* MapViewController.swift */; };
		5CFA741425FE02AC00FC2333 /* NewPlaceViewController.swift in Sources */ = {isa = PBXBuildFile; fileRef = 5CFA741325FE02AC00FC2333 /* NewPlaceViewController.swift */; };
		E3B20BC464334ED3FA02C783 /* Pods_MyPlaces.framework in Frameworks */ = {isa = PBXBuildFile; fileRef = 5E052CF8362CED4EB9088D66 /* Pods_MyPlaces.framework */; };
/* End PBXBuildFile section */

/* Begin PBXFileReference section */
		2DAC9FC77F167A871728A809 /* Pods-MyPlaces.release.xcconfig */ = {isa = PBXFileReference; includeInIndex = 1; lastKnownFileType = text.xcconfig; name = "Pods-MyPlaces.release.xcconfig"; path = "Target Support Files/Pods-MyPlaces/Pods-MyPlaces.release.xcconfig"; sourceTree = "<group>"; };
		5C1E7C8B25FD2065007403A1 /* CustomTableViewCell.swift */ = {isa = PBXFileReference; lastKnownFileType = sourcecode.swift; path = CustomTableViewCell.swift; sourceTree = "<group>"; };
		5C1E7C8F25FD2773007403A1 /* PlaceModel.swift */ = {isa = PBXFileReference; lastKnownFileType = sourcecode.swift; path = PlaceModel.swift; sourceTree = "<group>"; };
		5C4793D82601117E007761A8 /* StorageManager.swift */ = {isa = PBXFileReference; lastKnownFileType = sourcecode.swift; path = StorageManager.swift; sourceTree = "<group>"; };
		5C6CEA9A261055440071FB49 /* RatingControl.swift */ = {isa = PBXFileReference; lastKnownFileType = sourcecode.swift; path = RatingControl.swift; sourceTree = "<group>"; };
		5C7D6B9925FC8B7400D72D0B /* MyPlaces.app */ = {isa = PBXFileReference; explicitFileType = wrapper.application; includeInIndex = 0; path = MyPlaces.app; sourceTree = BUILT_PRODUCTS_DIR; };
		5C7D6B9C25FC8B7400D72D0B /* AppDelegate.swift */ = {isa = PBXFileReference; lastKnownFileType = sourcecode.swift; path = AppDelegate.swift; sourceTree = "<group>"; };
		5C7D6B9E25FC8B7400D72D0B /* SceneDelegate.swift */ = {isa = PBXFileReference; lastKnownFileType = sourcecode.swift; path = SceneDelegate.swift; sourceTree = "<group>"; };
		5C7D6BA325FC8B7400D72D0B /* Base */ = {isa = PBXFileReference; lastKnownFileType = file.storyboard; name = Base; path = Base.lproj/Main.storyboard; sourceTree = "<group>"; };
		5C7D6BA525FC8B7500D72D0B /* Assets.xcassets */ = {isa = PBXFileReference; lastKnownFileType = folder.assetcatalog; path = Assets.xcassets; sourceTree = "<group>"; };
		5C7D6BA825FC8B7500D72D0B /* Base */ = {isa = PBXFileReference; lastKnownFileType = file.storyboard; name = Base; path = Base.lproj/LaunchScreen.storyboard; sourceTree = "<group>"; };
		5C7D6BAA25FC8B7500D72D0B /* Info.plist */ = {isa = PBXFileReference; lastKnownFileType = text.plist.xml; path = Info.plist; sourceTree = "<group>"; };
		5C7D6BB225FC900300D72D0B /* MainViewController.swift */ = {isa = PBXFileReference; lastKnownFileType = sourcecode.swift; path = MainViewController.swift; sourceTree = "<group>"; };
		5CA3C67E26214FBA00288F9B /* MapViewController.swift */ = {isa = PBXFileReference; lastKnownFileType = sourcecode.swift; path = MapViewController.swift; sourceTree = "<group>"; };
		5CFA741325FE02AC00FC2333 /* NewPlaceViewController.swift */ = {isa = PBXFileReference; lastKnownFileType = sourcecode.swift; path = NewPlaceViewController.swift; sourceTree = "<group>"; };
		5E052CF8362CED4EB9088D66 /* Pods_MyPlaces.framework */ = {isa = PBXFileReference; explicitFileType = wrapper.framework; includeInIndex = 0; path = Pods_MyPlaces.framework; sourceTree = BUILT_PRODUCTS_DIR; };
		70C5113CD6741DC9B26C00CF /* Pods-MyPlaces.debug.xcconfig */ = {isa = PBXFileReference; includeInIndex = 1; lastKnownFileType = text.xcconfig; name = "Pods-MyPlaces.debug.xcconfig"; path = "Target Support Files/Pods-MyPlaces/Pods-MyPlaces.debug.xcconfig"; sourceTree = "<group>"; };
/* End PBXFileReference section */

/* Begin PBXFrameworksBuildPhase section */
		5C7D6B9625FC8B7400D72D0B /* Frameworks */ = {
			isa = PBXFrameworksBuildPhase;
			buildActionMask = 2147483647;
			files = (
				E3B20BC464334ED3FA02C783 /* Pods_MyPlaces.framework in Frameworks */,
			);
			runOnlyForDeploymentPostprocessing = 0;
		};
/* End PBXFrameworksBuildPhase section */

/* Begin PBXGroup section */
		5C7D6B9025FC8B7400D72D0B = {
			isa = PBXGroup;
			children = (
				5C7D6B9B25FC8B7400D72D0B /* MyPlaces */,
				5C7D6B9A25FC8B7400D72D0B /* Products */,
				8E191A5E19F0BBC1F8F59303 /* Pods */,
				E1091C6ED47F5A928D2933DF /* Frameworks */,
			);
			sourceTree = "<group>";
		};
		5C7D6B9A25FC8B7400D72D0B /* Products */ = {
			isa = PBXGroup;
			children = (
				5C7D6B9925FC8B7400D72D0B /* MyPlaces.app */,
			);
			name = Products;
			sourceTree = "<group>";
		};
		5C7D6B9B25FC8B7400D72D0B /* MyPlaces */ = {
			isa = PBXGroup;
			children = (
				5C7D6B9C25FC8B7400D72D0B /* AppDelegate.swift */,
				5C7D6B9E25FC8B7400D72D0B /* SceneDelegate.swift */,
				5C7D6BB225FC900300D72D0B /* MainViewController.swift */,
				5CFA741325FE02AC00FC2333 /* NewPlaceViewController.swift */,
				5C1E7C8F25FD2773007403A1 /* PlaceModel.swift */,
				5C4793D82601117E007761A8 /* StorageManager.swift */,
				5C1E7C8B25FD2065007403A1 /* CustomTableViewCell.swift */,
				5C6CEA9A261055440071FB49 /* RatingControl.swift */,
				5C7D6BA225FC8B7400D72D0B /* Main.storyboard */,
				5C7D6BA525FC8B7500D72D0B /* Assets.xcassets */,
				5C7D6BA725FC8B7500D72D0B /* LaunchScreen.storyboard */,
				5C7D6BAA25FC8B7500D72D0B /* Info.plist */,
				5CA3C67E26214FBA00288F9B /* MapViewController.swift */,
			);
			path = MyPlaces;
			sourceTree = "<group>";
		};
		8E191A5E19F0BBC1F8F59303 /* Pods */ = {
			isa = PBXGroup;
			children = (
				70C5113CD6741DC9B26C00CF /* Pods-MyPlaces.debug.xcconfig */,
				2DAC9FC77F167A871728A809 /* Pods-MyPlaces.release.xcconfig */,
			);
			path = Pods;
			sourceTree = "<group>";
		};
		E1091C6ED47F5A928D2933DF /* Frameworks */ = {
			isa = PBXGroup;
			children = (
				5E052CF8362CED4EB9088D66 /* Pods_MyPlaces.framework */,
			);
			name = Frameworks;
			sourceTree = "<group>";
		};
/* End PBXGroup section */

/* Begin PBXNativeTarget section */
		5C7D6B9825FC8B7400D72D0B /* MyPlaces */ = {
			isa = PBXNativeTarget;
			buildConfigurationList = 5C7D6BAD25FC8B7500D72D0B /* Build configuration list for PBXNativeTarget "MyPlaces" */;
			buildPhases = (
				B1DC1BE9F1ACB476714DE9F7 /* [CP] Check Pods Manifest.lock */,
				5C7D6B9525FC8B7400D72D0B /* Sources */,
				5C7D6B9625FC8B7400D72D0B /* Frameworks */,
				5C7D6B9725FC8B7400D72D0B /* Resources */,
				10323E04A0FC27689D42A693 /* [CP] Embed Pods Frameworks */,
			);
			buildRules = (
			);
			dependencies = (
			);
			name = MyPlaces;
			productName = MyPlaces;
			productReference = 5C7D6B9925FC8B7400D72D0B /* MyPlaces.app */;
			productType = "com.apple.product-type.application";
		};
/* End PBXNativeTarget section */

/* Begin PBXProject section */
		5C7D6B9125FC8B7400D72D0B /* Project object */ = {
			isa = PBXProject;
			attributes = {
				LastSwiftUpdateCheck = 1240;
				LastUpgradeCheck = 1240;
				TargetAttributes = {
					5C7D6B9825FC8B7400D72D0B = {
						CreatedOnToolsVersion = 12.4;
					};
				};
			};
			buildConfigurationList = 5C7D6B9425FC8B7400D72D0B /* Build configuration list for PBXProject "MyPlaces" */;
			compatibilityVersion = "Xcode 9.3";
			developmentRegion = en;
			hasScannedForEncodings = 0;
			knownRegions = (
				en,
				Base,
			);
			mainGroup = 5C7D6B9025FC8B7400D72D0B;
			productRefGroup = 5C7D6B9A25FC8B7400D72D0B /* Products */;
			projectDirPath = "";
			projectRoot = "";
			targets = (
				5C7D6B9825FC8B7400D72D0B /* MyPlaces */,
			);
		};
/* End PBXProject section */

/* Begin PBXResourcesBuildPhase section */
		5C7D6B9725FC8B7400D72D0B /* Resources */ = {
			isa = PBXResourcesBuildPhase;
			buildActionMask = 2147483647;
			files = (
				5C7D6BA925FC8B7500D72D0B /* LaunchScreen.storyboard in Resources */,
				5C7D6BA625FC8B7500D72D0B /* Assets.xcassets in Resources */,
				5C7D6BA425FC8B7400D72D0B /* Main.storyboard in Resources */,
			);
			runOnlyForDeploymentPostprocessing = 0;
		};
/* End PBXResourcesBuildPhase section */

/* Begin PBXShellScriptBuildPhase section */
		10323E04A0FC27689D42A693 /* [CP] Embed Pods Frameworks */ = {
			isa = PBXShellScriptBuildPhase;
			buildActionMask = 2147483647;
			files = (
			);
			inputFileListPaths = (
				"${PODS_ROOT}/Target Support Files/Pods-MyPlaces/Pods-MyPlaces-frameworks-${CONFIGURATION}-input-files.xcfilelist",
			);
			name = "[CP] Embed Pods Frameworks";
			outputFileListPaths = (
				"${PODS_ROOT}/Target Support Files/Pods-MyPlaces/Pods-MyPlaces-frameworks-${CONFIGURATION}-output-files.xcfilelist",
			);
			runOnlyForDeploymentPostprocessing = 0;
			shellPath = /bin/sh;
			shellScript = "\"${PODS_ROOT}/Target Support Files/Pods-MyPlaces/Pods-MyPlaces-frameworks.sh\"\n";
			showEnvVarsInLog = 0;
		};
		B1DC1BE9F1ACB476714DE9F7 /* [CP] Check Pods Manifest.lock */ = {
			isa = PBXShellScriptBuildPhase;
			buildActionMask = 2147483647;
			files = (
			);
			inputFileListPaths = (
			);
			inputPaths = (
				"${PODS_PODFILE_DIR_PATH}/Podfile.lock",
				"${PODS_ROOT}/Manifest.lock",
			);
			name = "[CP] Check Pods Manifest.lock";
			outputFileListPaths = (
			);
			outputPaths = (
				"$(DERIVED_FILE_DIR)/Pods-MyPlaces-checkManifestLockResult.txt",
			);
			runOnlyForDeploymentPostprocessing = 0;
			shellPath = /bin/sh;
			shellScript = "diff \"${PODS_PODFILE_DIR_PATH}/Podfile.lock\" \"${PODS_ROOT}/Manifest.lock\" > /dev/null\nif [ $? != 0 ] ; then\n    # print error to STDERR\n    echo \"error: The sandbox is not in sync with the Podfile.lock. Run 'pod install' or update your CocoaPods installation.\" >&2\n    exit 1\nfi\n# This output is used by Xcode 'outputs' to avoid re-running this script phase.\necho \"SUCCESS\" > \"${SCRIPT_OUTPUT_FILE_0}\"\n";
			showEnvVarsInLog = 0;
		};
/* End PBXShellScriptBuildPhase section */

/* Begin PBXSourcesBuildPhase section */
		5C7D6B9525FC8B7400D72D0B /* Sources */ = {
			isa = PBXSourcesBuildPhase;
			buildActionMask = 2147483647;
			files = (
				5C7D6BB325FC900300D72D0B /* MainViewController.swift in Sources */,
				5CFA741425FE02AC00FC2333 /* NewPlaceViewController.swift in Sources */,
				5C7D6B9D25FC8B7400D72D0B /* AppDelegate.swift in Sources */,
				5C4793D92601117E007761A8 /* StorageManager.swift in Sources */,
				5CA3C67F26214FBA00288F9B /* MapViewController.swift in Sources */,
				5C6CEA9B261055440071FB49 /* RatingControl.swift in Sources */,
				5C1E7C9025FD2773007403A1 /* PlaceModel.swift in Sources */,
				5C1E7C8C25FD2065007403A1 /* CustomTableViewCell.swift in Sources */,
				5C7D6B9F25FC8B7400D72D0B /* SceneDelegate.swift in Sources */,
			);
			runOnlyForDeploymentPostprocessing = 0;
		};
/* End PBXSourcesBuildPhase section */

/* Begin PBXVariantGroup section */
		5C7D6BA225FC8B7400D72D0B /* Main.storyboard */ = {
			isa = PBXVariantGroup;
			children = (
				5C7D6BA325FC8B7400D72D0B /* Base */,
			);
			name = Main.storyboard;
			sourceTree = "<group>";
		};
		5C7D6BA725FC8B7500D72D0B /* LaunchScreen.storyboard */ = {
			isa = PBXVariantGroup;
			children = (
				5C7D6BA825FC8B7500D72D0B /* Base */,
			);
			name = LaunchScreen.storyboard;
			sourceTree = "<group>";
		};
/* End PBXVariantGroup section */

/* Begin XCBuildConfiguration section */
		5C7D6BAB25FC8B7500D72D0B /* Debug */ = {
			isa = XCBuildConfiguration;
			buildSettings = {
				ALWAYS_SEARCH_USER_PATHS = NO;
				CLANG_ANALYZER_NONNULL = YES;
				CLANG_ANALYZER_NUMBER_OBJECT_CONVERSION = YES_AGGRESSIVE;
				CLANG_CXX_LANGUAGE_STANDARD = "gnu++14";
				CLANG_CXX_LIBRARY = "libc++";
				CLANG_ENABLE_MODULES = YES;
				CLANG_ENABLE_OBJC_ARC = YES;
				CLANG_ENABLE_OBJC_WEAK = YES;
				CLANG_WARN_BLOCK_CAPTURE_AUTORELEASING = YES;
				CLANG_WARN_BOOL_CONVERSION = YES;
				CLANG_WARN_COMMA = YES;
				CLANG_WARN_CONSTANT_CONVERSION = YES;
				CLANG_WARN_DEPRECATED_OBJC_IMPLEMENTATIONS = YES;
				CLANG_WARN_DIRECT_OBJC_ISA_USAGE = YES_ERROR;
				CLANG_WARN_DOCUMENTATION_COMMENTS = YES;
				CLANG_WARN_EMPTY_BODY = YES;
				CLANG_WARN_ENUM_CONVERSION = YES;
				CLANG_WARN_INFINITE_RECURSION = YES;
				CLANG_WARN_INT_CONVERSION = YES;
				CLANG_WARN_NON_LITERAL_NULL_CONVERSION = YES;
				CLANG_WARN_OBJC_IMPLICIT_RETAIN_SELF = YES;
				CLANG_WARN_OBJC_LITERAL_CONVERSION = YES;
				CLANG_WARN_OBJC_ROOT_CLASS = YES_ERROR;
				CLANG_WARN_QUOTED_INCLUDE_IN_FRAMEWORK_HEADER = YES;
				CLANG_WARN_RANGE_LOOP_ANALYSIS = YES;
				CLANG_WARN_STRICT_PROTOTYPES = YES;
				CLANG_WARN_SUSPICIOUS_MOVE = YES;
				CLANG_WARN_UNGUARDED_AVAILABILITY = YES_AGGRESSIVE;
				CLANG_WARN_UNREACHABLE_CODE = YES;
				CLANG_WARN__DUPLICATE_METHOD_MATCH = YES;
				COPY_PHASE_STRIP = NO;
				DEBUG_INFORMATION_FORMAT = dwarf;
				ENABLE_STRICT_OBJC_MSGSEND = YES;
				ENABLE_TESTABILITY = YES;
				GCC_C_LANGUAGE_STANDARD = gnu11;
				GCC_DYNAMIC_NO_PIC = NO;
				GCC_NO_COMMON_BLOCKS = YES;
				GCC_OPTIMIZATION_LEVEL = 0;
				GCC_PREPROCESSOR_DEFINITIONS = (
					"DEBUG=1",
					"$(inherited)",
				);
				GCC_WARN_64_TO_32_BIT_CONVERSION = YES;
				GCC_WARN_ABOUT_RETURN_TYPE = YES_ERROR;
				GCC_WARN_UNDECLARED_SELECTOR = YES;
				GCC_WARN_UNINITIALIZED_AUTOS = YES_AGGRESSIVE;
				GCC_WARN_UNUSED_FUNCTION = YES;
				GCC_WARN_UNUSED_VARIABLE = YES;
				IPHONEOS_DEPLOYMENT_TARGET = 14.4;
				MTL_ENABLE_DEBUG_INFO = INCLUDE_SOURCE;
				MTL_FAST_MATH = YES;
				ONLY_ACTIVE_ARCH = YES;
				SDKROOT = iphoneos;
				SWIFT_ACTIVE_COMPILATION_CONDITIONS = DEBUG;
				SWIFT_OPTIMIZATION_LEVEL = "-Onone";
			};
			name = Debug;
		};
		5C7D6BAC25FC8B7500D72D0B /* Release */ = {
			isa = XCBuildConfiguration;
			buildSettings = {
				ALWAYS_SEARCH_USER_PATHS = NO;
				CLANG_ANALYZER_NONNULL = YES;
				CLANG_ANALYZER_NUMBER_OBJECT_CONVERSION = YES_AGGRESSIVE;
				CLANG_CXX_LANGUAGE_STANDARD = "gnu++14";
				CLANG_CXX_LIBRARY = "libc++";
				CLANG_ENABLE_MODULES = YES;
				CLANG_ENABLE_OBJC_ARC = YES;
				CLANG_ENABLE_OBJC_WEAK = YES;
				CLANG_WARN_BLOCK_CAPTURE_AUTORELEASING = YES;
				CLANG_WARN_BOOL_CONVERSION = YES;
				CLANG_WARN_COMMA = YES;
				CLANG_WARN_CONSTANT_CONVERSION = YES;
				CLANG_WARN_DEPRECATED_OBJC_IMPLEMENTATIONS = YES;
				CLANG_WARN_DIRECT_OBJC_ISA_USAGE = YES_ERROR;
				CLANG_WARN_DOCUMENTATION_COMMENTS = YES;
				CLANG_WARN_EMPTY_BODY = YES;
				CLANG_WARN_ENUM_CONVERSION = YES;
				CLANG_WARN_INFINITE_RECURSION = YES;
				CLANG_WARN_INT_CONVERSION = YES;
				CLANG_WARN_NON_LITERAL_NULL_CONVERSION = YES;
				CLANG_WARN_OBJC_IMPLICIT_RETAIN_SELF = YES;
				CLANG_WARN_OBJC_LITERAL_CONVERSION = YES;
				CLANG_WARN_OBJC_ROOT_CLASS = YES_ERROR;
				CLANG_WARN_QUOTED_INCLUDE_IN_FRAMEWORK_HEADER = YES;
				CLANG_WARN_RANGE_LOOP_ANALYSIS = YES;
				CLANG_WARN_STRICT_PROTOTYPES = YES;
				CLANG_WARN_SUSPICIOUS_MOVE = YES;
				CLANG_WARN_UNGUARDED_AVAILABILITY = YES_AGGRESSIVE;
				CLANG_WARN_UNREACHABLE_CODE = YES;
				CLANG_WARN__DUPLICATE_METHOD_MATCH = YES;
				COPY_PHASE_STRIP = NO;
				DEBUG_INFORMATION_FORMAT = "dwarf-with-dsym";
				ENABLE_NS_ASSERTIONS = NO;
				ENABLE_STRICT_OBJC_MSGSEND = YES;
				GCC_C_LANGUAGE_STANDARD = gnu11;
				GCC_NO_COMMON_BLOCKS = YES;
				GCC_WARN_64_TO_32_BIT_CONVERSION = YES;
				GCC_WARN_ABOUT_RETURN_TYPE = YES_ERROR;
				GCC_WARN_UNDECLARED_SELECTOR = YES;
				GCC_WARN_UNINITIALIZED_AUTOS = YES_AGGRESSIVE;
				GCC_WARN_UNUSED_FUNCTION = YES;
				GCC_WARN_UNUSED_VARIABLE = YES;
				IPHONEOS_DEPLOYMENT_TARGET = 14.4;
				MTL_ENABLE_DEBUG_INFO = NO;
				MTL_FAST_MATH = YES;
				SDKROOT = iphoneos;
				SWIFT_COMPILATION_MODE = wholemodule;
				SWIFT_OPTIMIZATION_LEVEL = "-O";
				VALIDATE_PRODUCT = YES;
			};
			name = Release;
		};
		5C7D6BAE25FC8B7500D72D0B /* Debug */ = {
			isa = XCBuildConfiguration;
			baseConfigurationReference = 70C5113CD6741DC9B26C00CF /* Pods-MyPlaces.debug.xcconfig */;
			buildSettings = {
				ASSETCATALOG_COMPILER_APPICON_NAME = AppIcon;
				ASSETCATALOG_COMPILER_GLOBAL_ACCENT_COLOR_NAME = AccentColor;
				CODE_SIGN_STYLE = Automatic;
				DEVELOPMENT_TEAM = 6GU774PYV9;
				INFOPLIST_FILE = MyPlaces/Info.plist;
				LD_RUNPATH_SEARCH_PATHS = (
					"$(inherited)",
					"@executable_path/Frameworks",
				);
				PRODUCT_BUNDLE_IDENTIFIER = "Govendyaev-Sergey.MyPlaces";
				PRODUCT_NAME = "$(TARGET_NAME)";
				SWIFT_VERSION = 5.0;
				TARGETED_DEVICE_FAMILY = "1,2";
			};
			name = Debug;
		};
		5C7D6BAF25FC8B7500D72D0B /* Release */ = {
			isa = XCBuildConfiguration;
			baseConfigurationReference = 2DAC9FC77F167A871728A809 /* Pods-MyPlaces.release.xcconfig */;
			buildSettings = {
				ASSETCATALOG_COMPILER_APPICON_NAME = AppIcon;
				ASSETCATALOG_COMPILER_GLOBAL_ACCENT_COLOR_NAME = AccentColor;
				CODE_SIGN_STYLE = Automatic;
				DEVELOPMENT_TEAM = 6GU774PYV9;
				INFOPLIST_FILE = MyPlaces/Info.plist;
				LD_RUNPATH_SEARCH_PATHS = (
					"$(inherited)",
					"@executable_path/Frameworks",
				);
				PRODUCT_BUNDLE_IDENTIFIER = "Govendyaev-Sergey.MyPlaces";
				PRODUCT_NAME = "$(TARGET_NAME)";
				SWIFT_VERSION = 5.0;
				TARGETED_DEVICE_FAMILY = "1,2";
			};
			name = Release;
		};
/* End XCBuildConfiguration section */

/* Begin XCConfigurationList section */
		5C7D6B9425FC8B7400D72D0B /* Build configuration list for PBXProject "MyPlaces" */ = {
			isa = XCConfigurationList;
			buildConfigurations = (
				5C7D6BAB25FC8B7500D72D0B /* Debug */,
				5C7D6BAC25FC8B7500D72D0B /* Release */,
			);
			defaultConfigurationIsVisible = 0;
			defaultConfigurationName = Release;
		};
		5C7D6BAD25FC8B7500D72D0B /* Build configuration list for PBXNativeTarget "MyPlaces" */ = {
			isa = XCConfigurationList;
			buildConfigurations = (
				5C7D6BAE25FC8B7500D72D0B /* Debug */,
				5C7D6BAF25FC8B7500D72D0B /* Release */,
			);
			defaultConfigurationIsVisible = 0;
			defaultConfigurationName = Release;
		};
/* End XCConfigurationList section */
	};
	rootObject = 5C7D6B9125FC8B7400D72D0B /* Project object */;
}
